
Microsoft Visual Studio Solution File, Format Version 12.00
# Visual Studio Version 16
VisualStudioVersion = 16.0.31321.278
MinimumVisualStudioVersion = 10.0.40219.1
Project("{FAE04EC0-301F-11D3-BF4B-00C04F79EFBC}") = "Singleton", "Singleton\Singleton.csproj", "{BB855754-DC34-4F1F-B49D-2143E88C0346}"
EndProject
Project("{FAE04EC0-301F-11D3-BF4B-00C04F79EFBC}") = "FactoryMethod", "FactoryMethod\FactoryMethod.csproj", "{53A09C12-5848-4A4E-9889-52690D4BA845}"
EndProject
Global
	GlobalSection(SolutionConfigurationPlatforms) = preSolution
		Debug|Any CPU = Debug|Any CPU
		Release|Any CPU = Release|Any CPU
	EndGlobalSection
	GlobalSection(ProjectConfigurationPlatforms) = postSolution
		{BB855754-DC34-4F1F-B49D-2143E88C0346}.Debug|Any CPU.ActiveCfg = Debug|Any CPU
		{BB855754-DC34-4F1F-B49D-2143E88C0346}.Debug|Any CPU.Build.0 = Debug|Any CPU
		{BB855754-DC34-4F1F-B49D-2143E88C0346}.Release|Any CPU.ActiveCfg = Release|Any CPU
		{BB855754-DC34-4F1F-B49D-2143E88C0346}.Release|Any CPU.Build.0 = Release|Any CPU
		{53A09C12-5848-4A4E-9889-52690D4BA845}.Debug|Any CPU.ActiveCfg = Debug|Any CPU
		{53A09C12-5848-4A4E-9889-52690D4BA845}.Debug|Any CPU.Build.0 = Debug|Any CPU
		{53A09C12-5848-4A4E-9889-52690D4BA845}.Release|Any CPU.ActiveCfg = Release|Any CPU
		{53A09C12-5848-4A4E-9889-52690D4BA845}.Release|Any CPU.Build.0 = Release|Any CPU
	EndGlobalSection
	GlobalSection(SolutionProperties) = preSolution
		HideSolutionNode = FALSE
	EndGlobalSection
	GlobalSection(ExtensibilityGlobals) = postSolution
		SolutionGuid = {1A760D6C-E76A-4BF0-B715-743322F28D0E}
	EndGlobalSection
EndGlobal
